// !$*UTF8*$!
{
	archiveVersion = 1;
	classes = {
	};
	objectVersion = 77;
	objects = {

/* Begin PBXBuildFile section */
		933421A12F47A79D005DCE8E /* PrinterProtocol.swift in Sources */ = {isa = PBXBuildFile; fileRef = 9334218E2F47A79D005DCE8E /* PrinterProtocol.swift */; };
		933421A22F47A79D005DCE8E /* BluetoothManager.swift in Sources */ = {isa = PBXBuildFile; fileRef = 9334218F2F47A79D005DCE8E /* BluetoothManager.swift */; };
		933421A32F47A79D005DCE8E /* PrinterSharingService.swift in Sources */ = {isa = PBXBuildFile; fileRef = 933421912F47A79D005DCE8E /* PrinterSharingService.swift */; };
		933421A42F47A79D005DCE8E /* PrintClipboardIntent.swift in Sources */ = {isa = PBXBuildFile; fileRef = 933421962F47A79D005DCE8E /* PrintClipboardIntent.swift */; };
		933421A52F47A79D005DCE8E /* PrintIntent.swift in Sources */ = {isa = PBXBuildFile; fileRef = 933421952F47A79D005DCE8E /* PrintIntent.swift */; };
		933421A62F47A79D005DCE8E /* Item.swift in Sources */ = {isa = PBXBuildFile; fileRef = 933421922F47A79D005DCE8E /* Item.swift */; };
		933421A72F47A79D005DCE8E /* WebView.swift in Sources */ = {isa = PBXBuildFile; fileRef = 933421982F47A79D005DCE8E /* WebView.swift */; };
		933421A82F47A79D005DCE8E /* PlatformCompatibility.swift in Sources */ = {isa = PBXBuildFile; fileRef = 9334219A2F47A79D005DCE8E /* PlatformCompatibility.swift */; };
		933421A92F47A79D005DCE8E /* FirestoreManager.swift in Sources */ = {isa = PBXBuildFile; fileRef = 9334219C2F47A79D005DCE8E /* FirestoreManager.swift */; };
		933421AA2F47A79D005DCE8E /* t02webApp.swift in Sources */ = {isa = PBXBuildFile; fileRef = 933421992F47A79D005DCE8E /* t02webApp.swift */; };
		933421AB2F47A79D005DCE8E /* ContentView.swift in Sources */ = {isa = PBXBuildFile; fileRef = 9334219D2F47A79D005DCE8E /* ContentView.swift */; };
		933421AC2F47A79D005DCE8E /* GoogleService-Info.plist.example in Resources */ = {isa = PBXBuildFile; fileRef = 933421902F47A79D005DCE8E /* GoogleService-Info.plist.example */; };
		933421B82F47A79D005DCE8E /* Assets.xcassets in Resources */ = {isa = PBXBuildFile; fileRef = 933421932F47A79D005DCE8E /* Assets.xcassets */; };
		933421BA2F47A79D005DCE8E /* GoogleService-Info.plist in Resources */ = {isa = PBXBuildFile; fileRef = 933421972F47A79D005DCE8E /* GoogleService-Info.plist */; };
		933422442F48009B005DCE8E /* WebAssets in Resources */ = {isa = PBXBuildFile; fileRef = 933422432F48009B005DCE8E /* WebAssets */; };
		933422322F47BBE2005DCE8E /* FirebaseCore in Frameworks */ = {isa = PBXBuildFile; productRef = 933422312F47BBE2005DCE8E /* FirebaseCore */; };
		933422342F47BBE2005DCE8E /* FirebaseFirestore in Frameworks */ = {isa = PBXBuildFile; productRef = 933422332F47BBE2005DCE8E /* FirebaseFirestore */; };
/* End PBXBuildFile section */

/* Begin PBXFileReference section */
		9334218E2F47A79D005DCE8E /* PrinterProtocol.swift */ = {isa = PBXFileReference; lastKnownFileType = sourcecode.swift; path = PrinterProtocol.swift; sourceTree = "<group>"; };
		9334218F2F47A79D005DCE8E /* BluetoothManager.swift */ = {isa = PBXFileReference; lastKnownFileType = sourcecode.swift; path = BluetoothManager.swift; sourceTree = "<group>"; };
		933421902F47A79D005DCE8E /* GoogleService-Info.plist.example */ = {isa = PBXFileReference; lastKnownFileType = text.xml; path = "GoogleService-Info.plist.example"; sourceTree = "<group>"; };
		933421912F47A79D005DCE8E /* PrinterSharingService.swift */ = {isa = PBXFileReference; lastKnownFileType = sourcecode.swift; path = PrinterSharingService.swift; sourceTree = "<group>"; };
		933421922F47A79D005DCE8E /* Item.swift */ = {isa = PBXFileReference; lastKnownFileType = sourcecode.swift; path = Item.swift; sourceTree = "<group>"; };
		933421932F47A79D005DCE8E /* Assets.xcassets */ = {isa = PBXFileReference; lastKnownFileType = folder.assetcatalog; path = Assets.xcassets; sourceTree = "<group>"; };
		933421942F47A79D005DCE8E /* t02web.xcodeproj */ = {isa = PBXFileReference; lastKnownFileType = "wrapper.pb-project"; path = t02web.xcodeproj; sourceTree = "<group>"; };
		933421952F47A79D005DCE8E /* PrintIntent.swift */ = {isa = PBXFileReference; lastKnownFileType = sourcecode.swift; path = PrintIntent.swift; sourceTree = "<group>"; };
		933421962F47A79D005DCE8E /* PrintClipboardIntent.swift */ = {isa = PBXFileReference; lastKnownFileType = sourcecode.swift; path = PrintClipboardIntent.swift; sourceTree = "<group>"; };
		933421972F47A79D005DCE8E /* GoogleService-Info.plist */ = {isa = PBXFileReference; lastKnownFileType = text.plist.xml; path = "GoogleService-Info.plist"; sourceTree = "<group>"; };
		933421982F47A79D005DCE8E /* WebView.swift */ = {isa = PBXFileReference; lastKnownFileType = sourcecode.swift; path = WebView.swift; sourceTree = "<group>"; };
		933421992F47A79D005DCE8E /* t02webApp.swift */ = {isa = PBXFileReference; lastKnownFileType = sourcecode.swift; path = t02webApp.swift; sourceTree = "<group>"; };
		9334219A2F47A79D005DCE8E /* PlatformCompatibility.swift */ = {isa = PBXFileReference; lastKnownFileType = sourcecode.swift; path = PlatformCompatibility.swift; sourceTree = "<group>"; };
		9334219C2F47A79D005DCE8E /* FirestoreManager.swift */ = {isa = PBXFileReference; lastKnownFileType = sourcecode.swift; path = FirestoreManager.swift; sourceTree = "<group>"; };
		9334219D2F47A79D005DCE8E /* ContentView.swift */ = {isa = PBXFileReference; lastKnownFileType = sourcecode.swift; path = ContentView.swift; sourceTree = "<group>"; };
		9334219E2F47A79D005DCE8E /* Info.plist */ = {isa = PBXFileReference; lastKnownFileType = text.plist.xml; path = Info.plist; sourceTree = "<group>"; };
		933421BB2F47A7A6005DCE8E /* t02web-Bridging-Header.h */ = {isa = PBXFileReference; lastKnownFileType = sourcecode.c.h; path = "t02web-Bridging-Header.h"; sourceTree = "<group>"; };
		933C60B82F46666D00B77C6C /* t02web.app */ = {isa = PBXFileReference; explicitFileType = wrapper.application; includeInIndex = 0; name = t02web.app; path = "/Users/matheusdanoite/Desktop/t02web/iOSApp/build/Debug-iphoneos/t02web.app"; sourceTree = "<absolute>"; };
		933422432F48009B005DCE8E /* WebAssets */ = {isa = PBXFileReference; lastKnownFileType = folder; path = WebAssets; sourceTree = "<group>"; };
/* End PBXFileReference section */

/* Begin PBXFileSystemSynchronizedRootGroup section */
		933422432F48009B005DCE8E /* WebAssets */ = {
			isa = PBXFileSystemSynchronizedRootGroup;
			path = WebAssets;
			sourceTree = "<group>";
		};
/* End PBXFileSystemSynchronizedRootGroup section */

/* Begin PBXFrameworksBuildPhase section */
		933C60B52F46666D00B77C6C /* Frameworks */ = {
			isa = PBXFrameworksBuildPhase;
			buildActionMask = 2147483647;
			files = (
				933422322F47BBE2005DCE8E /* FirebaseCore in Frameworks */,
				933422342F47BBE2005DCE8E /* FirebaseFirestore in Frameworks */,
			);
			runOnlyForDeploymentPostprocessing = 0;
		};
/* End PBXFrameworksBuildPhase section */

/* Begin PBXGroup section */
		933421BD2F47A891005DCE8E /* Products */ = {
			isa = PBXGroup;
			name = Products;
			sourceTree = "<group>";
		};
		933C60AF2F46666D00B77C6C = {
			isa = PBXGroup;
			children = (
				933421902F47A79D005DCE8E /* GoogleService-Info.plist.example */,
				933421BB2F47A7A6005DCE8E /* t02web-Bridging-Header.h */,
				933421972F47A79D005DCE8E /* GoogleService-Info.plist */,
				9334219E2F47A79D005DCE8E /* Info.plist */,
				9334218F2F47A79D005DCE8E /* BluetoothManager.swift */,
				9334219D2F47A79D005DCE8E /* ContentView.swift */,
				9334219C2F47A79D005DCE8E /* FirestoreManager.swift */,
				933421922F47A79D005DCE8E /* Item.swift */,
				9334219A2F47A79D005DCE8E /* PlatformCompatibility.swift */,
				933421962F47A79D005DCE8E /* PrintClipboardIntent.swift */,
				9334218E2F47A79D005DCE8E /* PrinterProtocol.swift */,
				933421912F47A79D005DCE8E /* PrinterSharingService.swift */,
				933421952F47A79D005DCE8E /* PrintIntent.swift */,
				933421992F47A79D005DCE8E /* t02webApp.swift */,
				933421982F47A79D005DCE8E /* WebView.swift */,
				933421932F47A79D005DCE8E /* Assets.xcassets */,
				933421942F47A79D005DCE8E /* t02web.xcodeproj */,
				933422432F48009B005DCE8E /* WebAssets */,
			);
			sourceTree = "<group>";
		};
/* End PBXGroup section */

/* Begin PBXNativeTarget section */
		933C60B72F46666D00B77C6C /* t02web */ = {
			isa = PBXNativeTarget;
			buildConfigurationList = 933C60C52F46666E00B77C6C /* Build configuration list for PBXNativeTarget "t02web" */;
			buildPhases = (
				933C60B42F46666D00B77C6C /* Sources */,
				933C60B52F46666D00B77C6C /* Frameworks */,
				933C60B62F46666D00B77C6C /* Resources */,
			);
			buildRules = (
			);
			dependencies = (
			);
			fileSystemSynchronizedGroups = (
				933422432F48009B005DCE8E /* WebAssets */,
			);
			name = t02web;
			packageProductDependencies = (
				933422312F47BBE2005DCE8E /* FirebaseCore */,
				933422332F47BBE2005DCE8E /* FirebaseFirestore */,
			);
			productName = t02web;
			productReference = 933C60B82F46666D00B77C6C /* t02web.app */;
			productType = "com.apple.product-type.application";
		};
/* End PBXNativeTarget section */

/* Begin PBXProject section */
		933C60B02F46666D00B77C6C /* Project object */ = {
			isa = PBXProject;
			attributes = {
				BuildIndependentTargetsInParallel = 1;
				LastSwiftUpdateCheck = 2630;
				LastUpgradeCheck = 2630;
				TargetAttributes = {
					933C60B72F46666D00B77C6C = {
						CreatedOnToolsVersion = 26.3;
						LastSwiftMigration = 2630;
					};
				};
			};
			buildConfigurationList = 933C60B32F46666D00B77C6C /* Build configuration list for PBXProject "t02web" */;
			developmentRegion = en;
			hasScannedForEncodings = 0;
			knownRegions = (
				en,
				Base,
			);
			mainGroup = 933C60AF2F46666D00B77C6C;
			minimizedProjectReferenceProxies = 1;
			packageReferences = (
				933422302F47BBE2005DCE8E /* XCRemoteSwiftPackageReference "firebase-ios-sdk" */,
			);
			preferredProjectObjectVersion = 77;
			productRefGroup = 933C60AF2F46666D00B77C6C;
			projectDirPath = "";
			projectReferences = (
				{
					ProductGroup = 933421BD2F47A891005DCE8E /* Products */;
					ProjectRef = 933421942F47A79D005DCE8E /* t02web.xcodeproj */;
				},
			);
			projectRoot = "";
			targets = (
				933C60B72F46666D00B77C6C /* t02web */,
			);
		};
/* End PBXProject section */

/* Begin PBXResourcesBuildPhase section */
		933C60B62F46666D00B77C6C /* Resources */ = {
			isa = PBXResourcesBuildPhase;
			buildActionMask = 2147483647;
			files = (
				933421AC2F47A79D005DCE8E /* GoogleService-Info.plist.example in Resources */,
				933421B82F47A79D005DCE8E /* Assets.xcassets in Resources */,
				933421BA2F47A79D005DCE8E /* GoogleService-Info.plist in Resources */,
				933422442F48009B005DCE8E /* WebAssets in Resources */,
			);
			runOnlyForDeploymentPostprocessing = 0;
		};
/* End PBXResourcesBuildPhase section */

/* Begin PBXSourcesBuildPhase section */
		933C60B42F46666D00B77C6C /* Sources */ = {
			isa = PBXSourcesBuildPhase;
			buildActionMask = 2147483647;
			files = (
				933421A12F47A79D005DCE8E /* PrinterProtocol.swift in Sources */,
				933421A22F47A79D005DCE8E /* BluetoothManager.swift in Sources */,
				933421A32F47A79D005DCE8E /* PrinterSharingService.swift in Sources */,
				933421A42F47A79D005DCE8E /* PrintClipboardIntent.swift in Sources */,
				933421A52F47A79D005DCE8E /* PrintIntent.swift in Sources */,
				933421A62F47A79D005DCE8E /* Item.swift in Sources */,
				933421A72F47A79D005DCE8E /* WebView.swift in Sources */,
				933421A82F47A79D005DCE8E /* PlatformCompatibility.swift in Sources */,
				933421A92F47A79D005DCE8E /* FirestoreManager.swift in Sources */,
				933421AA2F47A79D005DCE8E /* t02webApp.swift in Sources */,
				933421AB2F47A79D005DCE8E /* ContentView.swift in Sources */,
			);
			runOnlyForDeploymentPostprocessing = 0;
		};
/* End PBXSourcesBuildPhase section */

/* Begin XCBuildConfiguration section */
		933C60C32F46666E00B77C6C /* Debug */ = {
			isa = XCBuildConfiguration;
			buildSettings = {
				ALWAYS_SEARCH_USER_PATHS = NO;
				ASSETCATALOG_COMPILER_GENERATE_SWIFT_ASSET_SYMBOL_EXTENSIONS = YES;
				CLANG_ANALYZER_NONNULL = YES;
				CLANG_ANALYZER_NUMBER_OBJECT_CONVERSION = YES_AGGRESSIVE;
				CLANG_CXX_LANGUAGE_STANDARD = "gnu++20";
				CLANG_ENABLE_MODULES = YES;
				CLANG_ENABLE_OBJC_ARC = YES;
				CLANG_ENABLE_OBJC_WEAK = YES;
				CLANG_WARN_BLOCK_CAPTURE_AUTORELEASING = YES;
				CLANG_WARN_BOOL_CONVERSION = YES;
				CLANG_WARN_COMMA = YES;
				CLANG_WARN_CONSTANT_CONVERSION = YES;
				CLANG_WARN_DEPRECATED_OBJC_IMPLEMENTATIONS = YES;
				CLANG_WARN_DIRECT_OBJC_ISA_USAGE = YES_ERROR;
				CLANG_WARN_DOCUMENTATION_COMMENTS = YES;
				CLANG_WARN_EMPTY_BODY = YES;
				CLANG_WARN_ENUM_CONVERSION = YES;
				CLANG_WARN_INFINITE_RECURSION = YES;
				CLANG_WARN_INT_CONVERSION = YES;
				CLANG_WARN_NON_LITERAL_NULL_CONVERSION = YES;
				CLANG_WARN_OBJC_IMPLICIT_RETAIN_SELF = YES;
				CLANG_WARN_OBJC_LITERAL_CONVERSION = YES;
				CLANG_WARN_OBJC_ROOT_CLASS = YES_ERROR;
				CLANG_WARN_QUOTED_INCLUDE_IN_FRAMEWORK_HEADER = YES;
				CLANG_WARN_RANGE_LOOP_ANALYSIS = YES;
				CLANG_WARN_STRICT_PROTOTYPES = YES;
				CLANG_WARN_SUSPICIOUS_MOVE = YES;
				CLANG_WARN_UNGUARDED_AVAILABILITY = YES_AGGRESSIVE;
				CLANG_WARN_UNREACHABLE_CODE = YES;
				CLANG_WARN__DUPLICATE_METHOD_MATCH = YES;
				COPY_PHASE_STRIP = NO;
				DEBUG_INFORMATION_FORMAT = dwarf;
				DEVELOPMENT_TEAM = Z7KM7R2775;
				ENABLE_STRICT_OBJC_MSGSEND = YES;
				ENABLE_TESTABILITY = YES;
				ENABLE_USER_SCRIPT_SANDBOXING = YES;
				GCC_C_LANGUAGE_STANDARD = gnu17;
				GCC_DYNAMIC_NO_PIC = NO;
				GCC_NO_COMMON_BLOCKS = YES;
				GCC_OPTIMIZATION_LEVEL = 0;
				GCC_PREPROCESSOR_DEFINITIONS = (
					"DEBUG=1",
					"$(inherited)",
				);
				GCC_WARN_64_TO_32_BIT_CONVERSION = YES;
				GCC_WARN_ABOUT_RETURN_TYPE = YES_ERROR;
				GCC_WARN_UNDECLARED_SELECTOR = YES;
				GCC_WARN_UNINITIALIZED_AUTOS = YES_AGGRESSIVE;
				GCC_WARN_UNUSED_FUNCTION = YES;
				GCC_WARN_UNUSED_VARIABLE = YES;
				IPHONEOS_DEPLOYMENT_TARGET = 26.2;
				LOCALIZATION_PREFERS_STRING_CATALOGS = YES;
				MTL_ENABLE_DEBUG_INFO = INCLUDE_SOURCE;
				MTL_FAST_MATH = YES;
				ONLY_ACTIVE_ARCH = YES;
				SDKROOT = iphoneos;
				SWIFT_ACTIVE_COMPILATION_CONDITIONS = "DEBUG $(inherited)";
				SWIFT_OPTIMIZATION_LEVEL = "-Onone";
			};
			name = Debug;
		};
		933C60C42F46666E00B77C6C /* Release */ = {
			isa = XCBuildConfiguration;
			buildSettings = {
				ALWAYS_SEARCH_USER_PATHS = NO;
				ASSETCATALOG_COMPILER_GENERATE_SWIFT_ASSET_SYMBOL_EXTENSIONS = YES;
				CLANG_ANALYZER_NONNULL = YES;
				CLANG_ANALYZER_NUMBER_OBJECT_CONVERSION = YES_AGGRESSIVE;
				CLANG_CXX_LANGUAGE_STANDARD = "gnu++20";
				CLANG_ENABLE_MODULES = YES;
				CLANG_ENABLE_OBJC_ARC = YES;
				CLANG_ENABLE_OBJC_WEAK = YES;
				CLANG_WARN_BLOCK_CAPTURE_AUTORELEASING = YES;
				CLANG_WARN_BOOL_CONVERSION = YES;
				CLANG_WARN_COMMA = YES;
				CLANG_WARN_CONSTANT_CONVERSION = YES;
				CLANG_WARN_DEPRECATED_OBJC_IMPLEMENTATIONS = YES;
				CLANG_WARN_DIRECT_OBJC_ISA_USAGE = YES_ERROR;
				CLANG_WARN_DOCUMENTATION_COMMENTS = YES;
				CLANG_WARN_EMPTY_BODY = YES;
				CLANG_WARN_ENUM_CONVERSION = YES;
				CLANG_WARN_INFINITE_RECURSION = YES;
				CLANG_WARN_INT_CONVERSION = YES;
				CLANG_WARN_NON_LITERAL_NULL_CONVERSION = YES;
				CLANG_WARN_OBJC_IMPLICIT_RETAIN_SELF = YES;
				CLANG_WARN_OBJC_LITERAL_CONVERSION = YES;
				CLANG_WARN_OBJC_ROOT_CLASS = YES_ERROR;
				CLANG_WARN_QUOTED_INCLUDE_IN_FRAMEWORK_HEADER = YES;
				CLANG_WARN_RANGE_LOOP_ANALYSIS = YES;
				CLANG_WARN_STRICT_PROTOTYPES = YES;
				CLANG_WARN_SUSPICIOUS_MOVE = YES;
				CLANG_WARN_UNGUARDED_AVAILABILITY = YES_AGGRESSIVE;
				CLANG_WARN_UNREACHABLE_CODE = YES;
				CLANG_WARN__DUPLICATE_METHOD_MATCH = YES;
				COPY_PHASE_STRIP = NO;
				DEBUG_INFORMATION_FORMAT = "dwarf-with-dsym";
				DEVELOPMENT_TEAM = Z7KM7R2775;
				ENABLE_NS_ASSERTIONS = NO;
				ENABLE_STRICT_OBJC_MSGSEND = YES;
				ENABLE_USER_SCRIPT_SANDBOXING = YES;
				GCC_C_LANGUAGE_STANDARD = gnu17;
				GCC_NO_COMMON_BLOCKS = YES;
				GCC_WARN_64_TO_32_BIT_CONVERSION = YES;
				GCC_WARN_ABOUT_RETURN_TYPE = YES_ERROR;
				GCC_WARN_UNDECLARED_SELECTOR = YES;
				GCC_WARN_UNINITIALIZED_AUTOS = YES_AGGRESSIVE;
				GCC_WARN_UNUSED_FUNCTION = YES;
				GCC_WARN_UNUSED_VARIABLE = YES;
				IPHONEOS_DEPLOYMENT_TARGET = 26.2;
				LOCALIZATION_PREFERS_STRING_CATALOGS = YES;
				MTL_ENABLE_DEBUG_INFO = NO;
				MTL_FAST_MATH = YES;
				SDKROOT = iphoneos;
				SWIFT_COMPILATION_MODE = wholemodule;
				VALIDATE_PRODUCT = YES;
			};
			name = Release;
		};
		933C60C62F46666E00B77C6C /* Debug */ = {
			isa = XCBuildConfiguration;
			buildSettings = {
				ASSETCATALOG_COMPILER_APPICON_NAME = AppIcon;
				ASSETCATALOG_COMPILER_GLOBAL_ACCENT_COLOR_NAME = AccentColor;
				CLANG_ENABLE_MODULES = YES;
				"CODE_SIGN_IDENTITY[sdk=macosx*]" = "Apple Development";
				CODE_SIGN_STYLE = Automatic;
				CURRENT_PROJECT_VERSION = 1;
				DEVELOPMENT_TEAM = Z7KM7R2775;
				ENABLE_APP_SANDBOX = YES;
				ENABLE_HARDENED_RUNTIME = YES;
				ENABLE_INCOMING_NETWORK_CONNECTIONS = YES;
				ENABLE_OUTGOING_NETWORK_CONNECTIONS = YES;
				ENABLE_PREVIEWS = YES;
				ENABLE_RESOURCE_ACCESS_AUDIO_INPUT = NO;
				ENABLE_RESOURCE_ACCESS_BLUETOOTH = YES;
				ENABLE_RESOURCE_ACCESS_CALENDARS = NO;
				ENABLE_RESOURCE_ACCESS_CAMERA = NO;
				ENABLE_RESOURCE_ACCESS_CONTACTS = NO;
				ENABLE_RESOURCE_ACCESS_LOCATION = NO;
				ENABLE_RESOURCE_ACCESS_PRINTING = NO;
				ENABLE_RESOURCE_ACCESS_USB = NO;
				GENERATE_INFOPLIST_FILE = YES;
				INFOPLIST_FILE = Info.plist;
				INFOPLIST_KEY_CFBundleDisplayName = "Phomemo T02 for Apple";
				INFOPLIST_KEY_LSApplicationCategory = "public.app-category.utilities";
				INFOPLIST_KEY_LSApplicationCategoryType = "public.app-category.utilities";
				INFOPLIST_KEY_LSSupportsOpeningDocumentsInPlace = YES;
				INFOPLIST_KEY_LSUIElement = YES;
				INFOPLIST_KEY_NSBluetoothAlwaysUsageDescription = "Precisamos do Bluetooth para comunicação com a impressora.";
				INFOPLIST_KEY_NSBluetoothPeripheralUsageDescription = "Need Bluetooth to connect to Phomemo T02 printer.";
				INFOPLIST_KEY_NSLocalNetworkUsageDescription = "Precisamos de acesso à rede local para compartilhar a impressora entre dispositivos.";
				INFOPLIST_KEY_UIApplicationSceneManifest_Generation = YES;
				INFOPLIST_KEY_UIApplicationSupportsIndirectInputEvents = YES;
				INFOPLIST_KEY_UIBackgroundModes = "bluetooth-central bluetooth-peripheral";
				INFOPLIST_KEY_UILaunchScreen_Generation = YES;
				INFOPLIST_KEY_UISupportedInterfaceOrientations_iPad = "UIInterfaceOrientationPortrait UIInterfaceOrientationPortraitUpsideDown UIInterfaceOrientationLandscapeLeft UIInterfaceOrientationLandscapeRight";
				INFOPLIST_KEY_UISupportedInterfaceOrientations_iPhone = "UIInterfaceOrientationPortrait UIInterfaceOrientationLandscapeLeft UIInterfaceOrientationLandscapeRight";
				IPHONEOS_DEPLOYMENT_TARGET = 18.6;
				LD_RUNPATH_SEARCH_PATHS = (
					"$(inherited)",
					"@executable_path/Frameworks",
				);
				MARKETING_VERSION = 1.0;
				PRODUCT_BUNDLE_IDENTIFIER = matheusdanoite.t02web;
				PRODUCT_NAME = "$(TARGET_NAME)";
				REGISTER_APP_GROUPS = YES;
				STRING_CATALOG_GENERATE_SYMBOLS = YES;
				SUPPORTED_PLATFORMS = "iphoneos iphonesimulator macosx";
				SUPPORTS_MACCATALYST = NO;
				SUPPORTS_MAC_DESIGNED_FOR_IPHONE_IPAD = NO;
				SUPPORTS_XR_DESIGNED_FOR_IPHONE_IPAD = NO;
				SWIFT_APPROACHABLE_CONCURRENCY = YES;
				SWIFT_DEFAULT_ACTOR_ISOLATION = MainActor;
				SWIFT_EMIT_LOC_STRINGS = YES;
				SWIFT_OBJC_BRIDGING_HEADER = "t02web-Bridging-Header.h";
				SWIFT_OPTIMIZATION_LEVEL = "-Onone";
				SWIFT_UPCOMING_FEATURE_MEMBER_IMPORT_VISIBILITY = YES;
				SWIFT_VERSION = 5.0;
				TARGETED_DEVICE_FAMILY = "1,2";
			};
			name = Debug;
		};
		933C60C72F46666E00B77C6C /* Release */ = {
			isa = XCBuildConfiguration;
			buildSettings = {
				ASSETCATALOG_COMPILER_APPICON_NAME = AppIcon;
				ASSETCATALOG_COMPILER_GLOBAL_ACCENT_COLOR_NAME = AccentColor;
				CLANG_ENABLE_MODULES = YES;
				"CODE_SIGN_IDENTITY[sdk=macosx*]" = "Apple Development";
				CODE_SIGN_STYLE = Automatic;
				CURRENT_PROJECT_VERSION = 1;
				DEVELOPMENT_TEAM = Z7KM7R2775;
				ENABLE_APP_SANDBOX = YES;
				ENABLE_HARDENED_RUNTIME = YES;
				ENABLE_INCOMING_NETWORK_CONNECTIONS = YES;
				ENABLE_OUTGOING_NETWORK_CONNECTIONS = YES;
				ENABLE_PREVIEWS = YES;
				ENABLE_RESOURCE_ACCESS_AUDIO_INPUT = NO;
				ENABLE_RESOURCE_ACCESS_BLUETOOTH = YES;
				ENABLE_RESOURCE_ACCESS_CALENDARS = NO;
				ENABLE_RESOURCE_ACCESS_CAMERA = NO;
				ENABLE_RESOURCE_ACCESS_CONTACTS = NO;
				ENABLE_RESOURCE_ACCESS_LOCATION = NO;
				ENABLE_RESOURCE_ACCESS_PRINTING = NO;
				ENABLE_RESOURCE_ACCESS_USB = NO;
				GENERATE_INFOPLIST_FILE = YES;
				INFOPLIST_FILE = Info.plist;
				INFOPLIST_KEY_CFBundleDisplayName = "Phomemo T02 for Apple";
				INFOPLIST_KEY_LSApplicationCategory = "public.app-category.utilities";
				INFOPLIST_KEY_LSApplicationCategoryType = "public.app-category.utilities";
				INFOPLIST_KEY_LSSupportsOpeningDocumentsInPlace = YES;
				INFOPLIST_KEY_LSUIElement = YES;
				INFOPLIST_KEY_NSBluetoothAlwaysUsageDescription = "Precisamos do Bluetooth para comunicação com a impressora.";
				INFOPLIST_KEY_NSBluetoothPeripheralUsageDescription = "Need Bluetooth to connect to Phomemo T02 printer.";
				INFOPLIST_KEY_NSLocalNetworkUsageDescription = "Precisamos de acesso à rede local para compartilhar a impressora entre dispositivos.";
				INFOPLIST_KEY_UIApplicationSceneManifest_Generation = YES;
				INFOPLIST_KEY_UIApplicationSupportsIndirectInputEvents = YES;
				INFOPLIST_KEY_UIBackgroundModes = "bluetooth-central bluetooth-peripheral";
				INFOPLIST_KEY_UILaunchScreen_Generation = YES;
				INFOPLIST_KEY_UISupportedInterfaceOrientations_iPad = "UIInterfaceOrientationPortrait UIInterfaceOrientationPortraitUpsideDown UIInterfaceOrientationLandscapeLeft UIInterfaceOrientationLandscapeRight";
				INFOPLIST_KEY_UISupportedInterfaceOrientations_iPhone = "UIInterfaceOrientationPortrait UIInterfaceOrientationLandscapeLeft UIInterfaceOrientationLandscapeRight";
				IPHONEOS_DEPLOYMENT_TARGET = 18.6;
				LD_RUNPATH_SEARCH_PATHS = (
					"$(inherited)",
					"@executable_path/Frameworks",
				);
				MARKETING_VERSION = 1.0;
				PRODUCT_BUNDLE_IDENTIFIER = matheusdanoite.t02web;
				PRODUCT_NAME = "$(TARGET_NAME)";
				REGISTER_APP_GROUPS = YES;
				STRING_CATALOG_GENERATE_SYMBOLS = YES;
				SUPPORTED_PLATFORMS = "iphoneos iphonesimulator macosx";
				SUPPORTS_MACCATALYST = NO;
				SUPPORTS_MAC_DESIGNED_FOR_IPHONE_IPAD = NO;
				SUPPORTS_XR_DESIGNED_FOR_IPHONE_IPAD = NO;
				SWIFT_APPROACHABLE_CONCURRENCY = YES;
				SWIFT_DEFAULT_ACTOR_ISOLATION = MainActor;
				SWIFT_EMIT_LOC_STRINGS = YES;
				SWIFT_OBJC_BRIDGING_HEADER = "t02web-Bridging-Header.h";
				SWIFT_UPCOMING_FEATURE_MEMBER_IMPORT_VISIBILITY = YES;
				SWIFT_VERSION = 5.0;
				TARGETED_DEVICE_FAMILY = "1,2";
			};
			name = Release;
		};
/* End XCBuildConfiguration section */

/* Begin XCConfigurationList section */
		933C60B32F46666D00B77C6C /* Build configuration list for PBXProject "t02web" */ = {
			isa = XCConfigurationList;
			buildConfigurations = (
				933C60C32F46666E00B77C6C /* Debug */,
				933C60C42F46666E00B77C6C /* Release */,
			);
			defaultConfigurationIsVisible = 0;
			defaultConfigurationName = Release;
		};
		933C60C52F46666E00B77C6C /* Build configuration list for PBXNativeTarget "t02web" */ = {
			isa = XCConfigurationList;
			buildConfigurations = (
				933C60C62F46666E00B77C6C /* Debug */,
				933C60C72F46666E00B77C6C /* Release */,
			);
			defaultConfigurationIsVisible = 0;
			defaultConfigurationName = Release;
		};
/* End XCConfigurationList section */

/* Begin XCRemoteSwiftPackageReference section */
		933422302F47BBE2005DCE8E /* XCRemoteSwiftPackageReference "firebase-ios-sdk" */ = {
			isa = XCRemoteSwiftPackageReference;
			repositoryURL = "https://github.com/firebase/firebase-ios-sdk.git";
			requirement = {
				kind = upToNextMajorVersion;
				minimumVersion = 12.9.0;
			};
		};
/* End XCRemoteSwiftPackageReference section */

/* Begin XCSwiftPackageProductDependency section */
		933422312F47BBE2005DCE8E /* FirebaseCore */ = {
			isa = XCSwiftPackageProductDependency;
			package = 933422302F47BBE2005DCE8E /* XCRemoteSwiftPackageReference "firebase-ios-sdk" */;
			productName = FirebaseCore;
		};
		933422332F47BBE2005DCE8E /* FirebaseFirestore */ = {
			isa = XCSwiftPackageProductDependency;
			package = 933422302F47BBE2005DCE8E /* XCRemoteSwiftPackageReference "firebase-ios-sdk" */;
			productName = FirebaseFirestore;
		};
/* End XCSwiftPackageProductDependency section */
	};
	rootObject = 933C60B02F46666D00B77C6C /* Project object */;
}
